
Microsoft Visual Studio Solution File, Format Version 12.00
# Visual Studio Version 17
VisualStudioVersion = 17.14.36121.58 d17.14
MinimumVisualStudioVersion = 10.0.40219.1
Project("{FAE04EC0-301F-11D3-BF4B-00C04F79EFBC}") = "CapeOpenCore", "CapeOpenCore\CapeOpenCore.csproj", "{90CE7367-5270-469C-8243-337CB64D9F2B}"
EndProject
Project("{FAE04EC0-301F-11D3-BF4B-00C04F79EFBC}") = "CapeOpenCore.Class", "CapeOpenCore.Class\CapeOpenCore.Class.csproj", "{6A4FFD66-0444-4842-BD5B-B733CC8B039A}"
EndProject
Project("{FAE04EC0-301F-11D3-BF4B-00C04F79EFBC}") = "CapeOpenCore.Toolkit", "CapeOpenCore.Toolkit\CapeOpenCore.Toolkit.csproj", "{0B06533F-DE1D-40AA-B8E3-556A85D4D2BA}"
EndProject
Project("{FAE04EC0-301F-11D3-BF4B-00C04F79EFBC}") = "CapeOpenCore.Caster", "CapeOpenCore.Caster\CapeOpenCore.Caster.csproj", "{5C2D2142-135B-4075-A8D5-B3138798BC8B}"
EndProject
Project("{FAE04EC0-301F-11D3-BF4B-00C04F79EFBC}") = "CapeOpenCore.Test", "CapeOpenCore.Test\CapeOpenCore.Test.csproj", "{3E56242A-04F5-467A-BC09-43E88CBC586B}"
EndProject
Global
	GlobalSection(SolutionConfigurationPlatforms) = preSolution
		Debug|Any CPU = Debug|Any CPU
		Release|Any CPU = Release|Any CPU
	EndGlobalSection
	GlobalSection(ProjectConfigurationPlatforms) = postSolution
		{90CE7367-5270-469C-8243-337CB64D9F2B}.Debug|Any CPU.ActiveCfg = Debug|Any CPU
		{90CE7367-5270-469C-8243-337CB64D9F2B}.Debug|Any CPU.Build.0 = Debug|Any CPU
		{90CE7367-5270-469C-8243-337CB64D9F2B}.Release|Any CPU.ActiveCfg = Release|Any CPU
		{90CE7367-5270-469C-8243-337CB64D9F2B}.Release|Any CPU.Build.0 = Release|Any CPU
		{6A4FFD66-0444-4842-BD5B-B733CC8B039A}.Debug|Any CPU.ActiveCfg = Debug|Any CPU
		{6A4FFD66-0444-4842-BD5B-B733CC8B039A}.Debug|Any CPU.Build.0 = Debug|Any CPU
		{6A4FFD66-0444-4842-BD5B-B733CC8B039A}.Release|Any CPU.ActiveCfg = Release|Any CPU
		{6A4FFD66-0444-4842-BD5B-B733CC8B039A}.Release|Any CPU.Build.0 = Release|Any CPU
		{0B06533F-DE1D-40AA-B8E3-556A85D4D2BA}.Debug|Any CPU.ActiveCfg = Debug|Any CPU
		{0B06533F-DE1D-40AA-B8E3-556A85D4D2BA}.Debug|Any CPU.Build.0 = Debug|Any CPU
		{0B06533F-DE1D-40AA-B8E3-556A85D4D2BA}.Release|Any CPU.ActiveCfg = Release|Any CPU
		{0B06533F-DE1D-40AA-B8E3-556A85D4D2BA}.Release|Any CPU.Build.0 = Release|Any CPU
		{5C2D2142-135B-4075-A8D5-B3138798BC8B}.Debug|Any CPU.ActiveCfg = Debug|Any CPU
		{5C2D2142-135B-4075-A8D5-B3138798BC8B}.Debug|Any CPU.Build.0 = Debug|Any CPU
		{5C2D2142-135B-4075-A8D5-B3138798BC8B}.Release|Any CPU.ActiveCfg = Release|Any CPU
		{5C2D2142-135B-4075-A8D5-B3138798BC8B}.Release|Any CPU.Build.0 = Release|Any CPU
		{3E56242A-04F5-467A-BC09-43E88CBC586B}.Debug|Any CPU.ActiveCfg = Debug|Any CPU
		{3E56242A-04F5-467A-BC09-43E88CBC586B}.Debug|Any CPU.Build.0 = Debug|Any CPU
		{3E56242A-04F5-467A-BC09-43E88CBC586B}.Release|Any CPU.ActiveCfg = Release|Any CPU
		{3E56242A-04F5-467A-BC09-43E88CBC586B}.Release|Any CPU.Build.0 = Release|Any CPU
	EndGlobalSection
	GlobalSection(SolutionProperties) = preSolution
		HideSolutionNode = FALSE
	EndGlobalSection
	GlobalSection(ExtensibilityGlobals) = postSolution
		SolutionGuid = {EF93F7FC-1126-4BA7-8FCA-457EB3E6825D}
	EndGlobalSection
EndGlobal
